{
  "version": "4",
  "specifiers": {
    "jsr:@epi/ollama@^0.0.8": "0.0.8",
    "jsr:@henrygd/queue@^1.0.6": "1.0.7",
    "jsr:@irc/client@~0.17.2": "0.17.2",
    "jsr:@std/fmt@^1.0.2": "1.0.6"
  },
  "jsr": {
    "@epi/ollama@0.0.8": {
      "integrity": "660e2c56fb5d2bde8abc224a8c9f6d0016c93d47c67301bcb670a215b7c59644"
    },
    "@henrygd/queue@1.0.7": {
      "integrity": "98cade132744bb420957c5413393f76eb8ba7261826f026c8a89a562b8fa2961"
    },
    "@irc/client@0.17.2": {
      "integrity": "9448e583f718d7e5af9ac387ffddcac5d953785499754d52360623bd35034cd5",
      "dependencies": [
        "jsr:@henrygd/queue",
        "jsr:@std/fmt"
      ]
    },
    "@std/fmt@1.0.6": {
      "integrity": "a2c56a69a2369876ddb3ad6a500bb6501b5bad47bb3ea16bfb0c18974d2661fc"
    }
  },
  "workspace": {
    "members": {
      "packages/llama-common": {
        "dependencies": [
          "jsr:@std/assert@1"
        ]
      },
      "packages/llama-irc-daemon": {
        "dependencies": [
          "jsr:@epi/ollama@^0.0.8",
          "jsr:@irc/client@~0.17.2",
          "jsr:@llama-bot-framework/llama-common@*",
          "jsr:@std/assert@1"
        ]
      },
      "packages/llama-video-compiler": {
        "dependencies": [
          "jsr:@std/assert@1"
        ]
      }
    }
  }
}
