{
  "version": "4",
  "specifiers": {
    "jsr:@epi/ollama@^0.0.8": "0.0.8",
    "jsr:@std/assert@1": "1.0.11",
    "jsr:@std/internal@^1.0.5": "1.0.5",
    "npm:@types/irc@~0.5.4": "0.5.4",
    "npm:irc@~0.5.2": "0.5.2"
  },
  "jsr": {
    "@epi/ollama@0.0.8": {
      "integrity": "660e2c56fb5d2bde8abc224a8c9f6d0016c93d47c67301bcb670a215b7c59644"
    },
    "@std/assert@1.0.11": {
      "integrity": "2461ef3c368fe88bc60e186e7744a93112f16fd110022e113a0849e94d1c83c1",
      "dependencies": [
        "jsr:@std/internal"
      ]
    },
    "@std/internal@1.0.5": {
      "integrity": "54a546004f769c1ac9e025abd15a76b6671ddc9687e2313b67376125650dc7ba"
    }
  },
  "npm": {
    "@types/irc@0.5.4": {
      "integrity": "sha512-73npDB2rOidw5a30tEmbVZg28bzbfamOa1gK4h5h+6bdSrtVvegchmEKdmsBPTHStjQcCbNqlXS4rRbBUuIrJg==",
      "dependencies": [
        "@types/node"
      ]
    },
    "@types/node@22.12.0": {
      "integrity": "sha512-Fll2FZ1riMjNmlmJOdAyY5pUbkftXslB5DgEzlIuNaiWhXd00FhWxVC/r4yV/4wBb9JfImTu+jiSvXTkJ7F/gA==",
      "dependencies": [
        "undici-types"
      ]
    },
    "iconv@2.2.3": {
      "integrity": "sha512-evIiYeKdt5nEGYKNkQcGPQy781sYgbBKi3gEkt1s4CwteCdOHSjGGRyyp6lP8inYFZwvzG3lgjXEvGUC8nqQ5A==",
      "dependencies": [
        "nan"
      ]
    },
    "irc-colors@1.5.0": {
      "integrity": "sha512-HtszKchBQTcqw1DC09uD7i7vvMayHGM1OCo6AHt5pkgZEyo99ClhHTMJdf+Ezc9ovuNNxcH89QfyclGthjZJOw=="
    },
    "irc@0.5.2": {
      "integrity": "sha512-KnrvkV05Y71SWmRWHtnlWEIH7LA/YeDul6l7tncCGLNEw4B6Obtmkatb3ACnSLj0kOJ6UBiuhss9e+eRG3zlxw==",
      "dependencies": [
        "iconv",
        "irc-colors",
        "node-icu-charset-detector"
      ]
    },
    "nan@2.22.2": {
      "integrity": "sha512-DANghxFkS1plDdRsX0X9pm0Z6SJNN6gBdtXfanwoZ8hooC5gosGFSBGRYHUVPz1asKA/kMRqDRdHrluZ61SpBQ=="
    },
    "node-icu-charset-detector@0.2.0": {
      "integrity": "sha512-DYOFJ3NfKdxEi9hPbmoCss6WydGhJsxpSleUlZfAWEbZt3AU7JuxailgA9tnqQdsHiujfUY9VtDfWD9m0+ThtQ==",
      "dependencies": [
        "nan"
      ]
    },
    "undici-types@6.20.0": {
      "integrity": "sha512-Ny6QZ2Nju20vw1SRHe3d9jVu6gJ+4e3+MMpqu7pqE5HT6WsTSlce++GQmK5UXS8mzV8DSYHrQH+Xrf2jVcuKNg=="
    }
  },
  "workspace": {
    "dependencies": [
      "npm:irc@~0.5.2"
    ],
    "members": {
      "packages/llama-common": {
        "dependencies": [
          "jsr:@std/assert@1"
        ]
      },
      "packages/llama-irc-daemon": {
        "dependencies": [
          "jsr:@epi/ollama@^0.0.8",
          "jsr:@llama-bot-framework/llama-common@*",
          "jsr:@std/assert@1",
          "npm:@types/irc@~0.5.4",
          "npm:irc@~0.5.2"
        ]
      },
      "packages/llama-video-compiler": {
        "dependencies": [
          "jsr:@std/assert@1"
        ]
      }
    }
  }
}
