{
  "name": "llama-bot-framework",
  "version": "1.0.0",
  "lockfileVersion": 3,
  "requires": true,
  "packages": {
    "": {
      "name": "llama-bot-framework",
      "version": "1.0.0",
      "license": "ISC",
      "dependencies": {
        "irc": "^0.5.2",
        "ollama": "^0.5.12",
        "text2wav": "^0.0.14",
        "typescript": "^5.7.3"
      },
      "devDependencies": {
        "@types/irc": "^0.5.4"
      }
    },
    "node_modules/@types/irc": {
      "version": "0.5.4",
      "resolved": "https://registry.npmjs.org/@types/irc/-/irc-0.5.4.tgz",
      "integrity": "sha512-73npDB2rOidw5a30tEmbVZg28bzbfamOa1gK4h5h+6bdSrtVvegchmEKdmsBPTHStjQcCbNqlXS4rRbBUuIrJg==",
      "dev": true,
      "license": "MIT",
      "dependencies": {
        "@types/node": "*"
      }
    },
    "node_modules/@types/node": {
      "version": "22.13.1",
      "resolved": "https://registry.npmjs.org/@types/node/-/node-22.13.1.tgz",
      "integrity": "sha512-jK8uzQlrvXqEU91UxiK5J7pKHyzgnI1Qnl0QDHIgVGuolJhRb9EEl28Cj9b3rGR8B2lhFCtvIm5os8lFnO/1Ew==",
      "dev": true,
      "license": "MIT",
      "dependencies": {
        "undici-types": "~6.20.0"
      }
    },
    "node_modules/iconv": {
      "version": "2.2.3",
      "resolved": "https://registry.npmjs.org/iconv/-/iconv-2.2.3.tgz",
      "integrity": "sha512-evIiYeKdt5nEGYKNkQcGPQy781sYgbBKi3gEkt1s4CwteCdOHSjGGRyyp6lP8inYFZwvzG3lgjXEvGUC8nqQ5A==",
      "hasInstallScript": true,
      "license": "ISC",
      "optional": true,
      "dependencies": {
        "nan": "^2.3.5"
      },
      "engines": {
        "node": ">=0.8.0"
      }
    },
    "node_modules/irc": {
      "version": "0.5.2",
      "resolved": "https://registry.npmjs.org/irc/-/irc-0.5.2.tgz",
      "integrity": "sha512-KnrvkV05Y71SWmRWHtnlWEIH7LA/YeDul6l7tncCGLNEw4B6Obtmkatb3ACnSLj0kOJ6UBiuhss9e+eRG3zlxw==",
      "license": "GPL-3.0",
      "dependencies": {
        "irc-colors": "^1.1.0"
      },
      "engines": {
        "node": ">=0.10.0"
      },
      "optionalDependencies": {
        "iconv": "~2.2.1",
        "node-icu-charset-detector": "~0.2.0"
      }
    },
    "node_modules/irc-colors": {
      "version": "1.5.0",
      "resolved": "https://registry.npmjs.org/irc-colors/-/irc-colors-1.5.0.tgz",
      "integrity": "sha512-HtszKchBQTcqw1DC09uD7i7vvMayHGM1OCo6AHt5pkgZEyo99ClhHTMJdf+Ezc9ovuNNxcH89QfyclGthjZJOw==",
      "license": "MIT",
      "engines": {
        "node": ">=6"
      }
    },
    "node_modules/nan": {
      "version": "2.22.0",
      "resolved": "https://registry.npmjs.org/nan/-/nan-2.22.0.tgz",
      "integrity": "sha512-nbajikzWTMwsW+eSsNm3QwlOs7het9gGJU5dDZzRTQGk03vyBOauxgI4VakDzE0PtsGTmXPsXTbbjVhRwR5mpw==",
      "license": "MIT",
      "optional": true
    },
    "node_modules/node-icu-charset-detector": {
      "version": "0.2.0",
      "resolved": "https://registry.npmjs.org/node-icu-charset-detector/-/node-icu-charset-detector-0.2.0.tgz",
      "integrity": "sha512-DYOFJ3NfKdxEi9hPbmoCss6WydGhJsxpSleUlZfAWEbZt3AU7JuxailgA9tnqQdsHiujfUY9VtDfWD9m0+ThtQ==",
      "hasInstallScript": true,
      "optional": true,
      "dependencies": {
        "nan": "^2.3.3"
      },
      "engines": {
        "node": ">=0.6"
      }
    },
    "node_modules/ollama": {
      "version": "0.5.12",
      "resolved": "https://registry.npmjs.org/ollama/-/ollama-0.5.12.tgz",
      "integrity": "sha512-flVH1fn1c9NF7VV3bW9kSu0E+bYc40b4DxL/gS2Debhao35osJFRDiPOj9sIWTMvcyj78Paw1OuhfIe7uhDWfQ==",
      "license": "MIT",
      "dependencies": {
        "whatwg-fetch": "^3.6.20"
      }
    },
    "node_modules/text2wav": {
      "version": "0.0.14",
      "resolved": "https://registry.npmjs.org/text2wav/-/text2wav-0.0.14.tgz",
      "integrity": "sha512-zmkv8UI4U+OWGQcosNcISAWFxUQglcd+VmsaiQkG9+JTU14/kIKXH6BHgAXrYD5+gfGubp3HWsTLiNDaD23X+g==",
      "license": "MIT",
      "bin": {
        "text2wav": "index.js"
      },
      "engines": {
        "node": ">=8.9.0"
      }
    },
    "node_modules/typescript": {
      "version": "5.7.3",
      "resolved": "https://registry.npmjs.org/typescript/-/typescript-5.7.3.tgz",
      "integrity": "sha512-84MVSjMEHP+FQRPy3pX9sTVV/INIex71s9TL2Gm5FG/WG1SqXeKyZ0k7/blY/4FdOzI12CBy1vGc4og/eus0fw==",
      "license": "Apache-2.0",
      "bin": {
        "tsc": "bin/tsc",
        "tsserver": "bin/tsserver"
      },
      "engines": {
        "node": ">=14.17"
      }
    },
    "node_modules/undici-types": {
      "version": "6.20.0",
      "resolved": "https://registry.npmjs.org/undici-types/-/undici-types-6.20.0.tgz",
      "integrity": "sha512-Ny6QZ2Nju20vw1SRHe3d9jVu6gJ+4e3+MMpqu7pqE5HT6WsTSlce++GQmK5UXS8mzV8DSYHrQH+Xrf2jVcuKNg==",
      "dev": true,
      "license": "MIT"
    },
    "node_modules/whatwg-fetch": {
      "version": "3.6.20",
      "resolved": "https://registry.npmjs.org/whatwg-fetch/-/whatwg-fetch-3.6.20.tgz",
      "integrity": "sha512-EqhiFU6daOA8kpjOWTL0olhVOF3i7OrFzSYiGsEMB8GcXS+RrzauAERX65xMeNWVqxA6HXH2m69Z9LaKKdisfg==",
      "license": "MIT"
    }
  }
}
